// !$*UTF8*$!
{
	archiveVersion = 1;
	classes = {
	};
	objectVersion = 46;
	objects = {

/* Begin PBXBuildFile section */
		122C8BF61D62D42000F1B56B /* AppDelegate.swift in Sources */ = {isa = PBXBuildFile; fileRef = 122C8BF51D62D42000F1B56B /* AppDelegate.swift */; };
		122C8BFB1D62D42000F1B56B /* Main.storyboard in Resources */ = {isa = PBXBuildFile; fileRef = 122C8BF91D62D42000F1B56B /* Main.storyboard */; };
		122C8BFD1D62D42000F1B56B /* Assets.xcassets in Resources */ = {isa = PBXBuildFile; fileRef = 122C8BFC1D62D42000F1B56B /* Assets.xcassets */; };
		122C8C001D62D42000F1B56B /* LaunchScreen.storyboard in Resources */ = {isa = PBXBuildFile; fileRef = 122C8BFE1D62D42000F1B56B /* LaunchScreen.storyboard */; };
		122C8C081D62D49100F1B56B /* NotebooksViewController.swift in Sources */ = {isa = PBXBuildFile; fileRef = 122C8C071D62D49100F1B56B /* NotebooksViewController.swift */; };
		122C8C0A1D62D4B300F1B56B /* NotesViewController.swift in Sources */ = {isa = PBXBuildFile; fileRef = 122C8C091D62D4B300F1B56B /* NotesViewController.swift */; };
		122C8C0C1D62D4C900F1B56B /* NoteTableViewController.swift in Sources */ = {isa = PBXBuildFile; fileRef = 122C8C0B1D62D4C900F1B56B /* NoteTableViewController.swift */; };
		123685501D67927600909AC6 /* Note+CoreDataProperties.swift in Sources */ = {isa = PBXBuildFile; fileRef = 1236854F1D67927600909AC6 /* Note+CoreDataProperties.swift */; };
		123685521D6796FD00909AC6 /* DataManager.swift in Sources */ = {isa = PBXBuildFile; fileRef = 123685511D6796FD00909AC6 /* DataManager.swift */; };
		128034C51D65146C00569F41 /* CoreDataStackManager.swift in Sources */ = {isa = PBXBuildFile; fileRef = 128034C41D65146C00569F41 /* CoreDataStackManager.swift */; };
		128034D01D65192F00569F41 /* Model.xcdatamodeld in Sources */ = {isa = PBXBuildFile; fileRef = 128034CE1D65192F00569F41 /* Model.xcdatamodeld */; };
		128034D71D651C6E00569F41 /* Notebook+CoreDataProperties.swift in Sources */ = {isa = PBXBuildFile; fileRef = 128034D11D651C6E00569F41 /* Notebook+CoreDataProperties.swift */; };
		128034D81D651C6E00569F41 /* Notebook.swift in Sources */ = {isa = PBXBuildFile; fileRef = 128034D21D651C6E00569F41 /* Notebook.swift */; };
		128034D91D651C6E00569F41 /* Photo+CoreDataProperties.swift in Sources */ = {isa = PBXBuildFile; fileRef = 128034D31D651C6E00569F41 /* Photo+CoreDataProperties.swift */; };
		128034DA1D651C6E00569F41 /* Photo.swift in Sources */ = {isa = PBXBuildFile; fileRef = 128034D41D651C6E00569F41 /* Photo.swift */; };
		128034DC1D651C6E00569F41 /* Note.swift in Sources */ = {isa = PBXBuildFile; fileRef = 128034D61D651C6E00569F41 /* Note.swift */; };
		12BF79041D7706F500ED1080 /* OptionsViewController.swift in Sources */ = {isa = PBXBuildFile; fileRef = 12BF79031D7706F500ED1080 /* OptionsViewController.swift */; };
		12BF79061D770B2400ED1080 /* OptionsTableViewCell.swift in Sources */ = {isa = PBXBuildFile; fileRef = 12BF79051D770B2400ED1080 /* OptionsTableViewCell.swift */; };
		12DDC5F81D6F642700535F1F /* FlickrCollectionViewCell.swift in Sources */ = {isa = PBXBuildFile; fileRef = 12DDC5F71D6F642700535F1F /* FlickrCollectionViewCell.swift */; };
		12DDC5FA1D6F64E800535F1F /* FlickrViewController.swift in Sources */ = {isa = PBXBuildFile; fileRef = 12DDC5F91D6F64E800535F1F /* FlickrViewController.swift */; };
		12DDC6001D7058DF00535F1F /* FlickrClient.swift in Sources */ = {isa = PBXBuildFile; fileRef = 12DDC5FF1D7058DF00535F1F /* FlickrClient.swift */; };
		12DDC6021D70595000535F1F /* FlickrConstants.swift in Sources */ = {isa = PBXBuildFile; fileRef = 12DDC6011D70595000535F1F /* FlickrConstants.swift */; };
/* End PBXBuildFile section */

/* Begin PBXFileReference section */
		122C8BF21D62D42000F1B56B /* Notebuddy.app */ = {isa = PBXFileReference; explicitFileType = wrapper.application; includeInIndex = 0; path = Notebuddy.app; sourceTree = BUILT_PRODUCTS_DIR; };
		122C8BF51D62D42000F1B56B /* AppDelegate.swift */ = {isa = PBXFileReference; lastKnownFileType = sourcecode.swift; path = AppDelegate.swift; sourceTree = "<group>"; };
		122C8BFA1D62D42000F1B56B /* Base */ = {isa = PBXFileReference; lastKnownFileType = file.storyboard; name = Base; path = Base.lproj/Main.storyboard; sourceTree = "<group>"; };
		122C8BFC1D62D42000F1B56B /* Assets.xcassets */ = {isa = PBXFileReference; lastKnownFileType = folder.assetcatalog; path = Assets.xcassets; sourceTree = "<group>"; };
		122C8BFF1D62D42000F1B56B /* Base */ = {isa = PBXFileReference; lastKnownFileType = file.storyboard; name = Base; path = Base.lproj/LaunchScreen.storyboard; sourceTree = "<group>"; };
		122C8C011D62D42000F1B56B /* Info.plist */ = {isa = PBXFileReference; lastKnownFileType = text.plist.xml; path = Info.plist; sourceTree = "<group>"; };
		122C8C071D62D49100F1B56B /* NotebooksViewController.swift */ = {isa = PBXFileReference; fileEncoding = 4; lastKnownFileType = sourcecode.swift; path = NotebooksViewController.swift; sourceTree = "<group>"; };
		122C8C091D62D4B300F1B56B /* NotesViewController.swift */ = {isa = PBXFileReference; fileEncoding = 4; lastKnownFileType = sourcecode.swift; path = NotesViewController.swift; sourceTree = "<group>"; };
		122C8C0B1D62D4C900F1B56B /* NoteTableViewController.swift */ = {isa = PBXFileReference; fileEncoding = 4; lastKnownFileType = sourcecode.swift; path = NoteTableViewController.swift; sourceTree = "<group>"; };
		1236854F1D67927600909AC6 /* Note+CoreDataProperties.swift */ = {isa = PBXFileReference; fileEncoding = 4; lastKnownFileType = sourcecode.swift; name = "Note+CoreDataProperties.swift"; path = "../Note+CoreDataProperties.swift"; sourceTree = "<group>"; };
		123685511D6796FD00909AC6 /* DataManager.swift */ = {isa = PBXFileReference; fileEncoding = 4; lastKnownFileType = sourcecode.swift; path = DataManager.swift; sourceTree = "<group>"; };
		128034C41D65146C00569F41 /* CoreDataStackManager.swift */ = {isa = PBXFileReference; fileEncoding = 4; lastKnownFileType = sourcecode.swift; path = CoreDataStackManager.swift; sourceTree = "<group>"; };
		128034CF1D65192F00569F41 /* Model.xcdatamodel */ = {isa = PBXFileReference; lastKnownFileType = wrapper.xcdatamodel; path = Model.xcdatamodel; sourceTree = "<group>"; };
		128034D11D651C6E00569F41 /* Notebook+CoreDataProperties.swift */ = {isa = PBXFileReference; fileEncoding = 4; lastKnownFileType = sourcecode.swift; name = "Notebook+CoreDataProperties.swift"; path = "../Notebook+CoreDataProperties.swift"; sourceTree = "<group>"; };
		128034D21D651C6E00569F41 /* Notebook.swift */ = {isa = PBXFileReference; fileEncoding = 4; lastKnownFileType = sourcecode.swift; name = Notebook.swift; path = ../Notebook.swift; sourceTree = "<group>"; };
		128034D31D651C6E00569F41 /* Photo+CoreDataProperties.swift */ = {isa = PBXFileReference; fileEncoding = 4; lastKnownFileType = sourcecode.swift; name = "Photo+CoreDataProperties.swift"; path = "../Photo+CoreDataProperties.swift"; sourceTree = "<group>"; };
		128034D41D651C6E00569F41 /* Photo.swift */ = {isa = PBXFileReference; fileEncoding = 4; lastKnownFileType = sourcecode.swift; name = Photo.swift; path = ../Photo.swift; sourceTree = "<group>"; };
		128034D61D651C6E00569F41 /* Note.swift */ = {isa = PBXFileReference; fileEncoding = 4; lastKnownFileType = sourcecode.swift; name = Note.swift; path = ../Note.swift; sourceTree = "<group>"; };
		12BF79031D7706F500ED1080 /* OptionsViewController.swift */ = {isa = PBXFileReference; fileEncoding = 4; lastKnownFileType = sourcecode.swift; path = OptionsViewController.swift; sourceTree = "<group>"; };
		12BF79051D770B2400ED1080 /* OptionsTableViewCell.swift */ = {isa = PBXFileReference; fileEncoding = 4; lastKnownFileType = sourcecode.swift; path = OptionsTableViewCell.swift; sourceTree = "<group>"; };
		12DDC5F71D6F642700535F1F /* FlickrCollectionViewCell.swift */ = {isa = PBXFileReference; fileEncoding = 4; lastKnownFileType = sourcecode.swift; path = FlickrCollectionViewCell.swift; sourceTree = "<group>"; };
		12DDC5F91D6F64E800535F1F /* FlickrViewController.swift */ = {isa = PBXFileReference; fileEncoding = 4; lastKnownFileType = sourcecode.swift; path = FlickrViewController.swift; sourceTree = "<group>"; };
		12DDC5FF1D7058DF00535F1F /* FlickrClient.swift */ = {isa = PBXFileReference; fileEncoding = 4; lastKnownFileType = sourcecode.swift; path = FlickrClient.swift; sourceTree = "<group>"; };
		12DDC6011D70595000535F1F /* FlickrConstants.swift */ = {isa = PBXFileReference; fileEncoding = 4; lastKnownFileType = sourcecode.swift; path = FlickrConstants.swift; sourceTree = "<group>"; };
/* End PBXFileReference section */

/* Begin PBXFrameworksBuildPhase section */
		122C8BEF1D62D42000F1B56B /* Frameworks */ = {
			isa = PBXFrameworksBuildPhase;
			buildActionMask = 2147483647;
			files = (
			);
			runOnlyForDeploymentPostprocessing = 0;
		};
/* End PBXFrameworksBuildPhase section */

/* Begin PBXGroup section */
		122C8BE91D62D42000F1B56B = {
			isa = PBXGroup;
			children = (
				122C8BF41D62D42000F1B56B /* Notebuddy */,
				122C8BF31D62D42000F1B56B /* Products */,
			);
			sourceTree = "<group>";
		};
		122C8BF31D62D42000F1B56B /* Products */ = {
			isa = PBXGroup;
			children = (
				122C8BF21D62D42000F1B56B /* Notebuddy.app */,
			);
			name = Products;
			sourceTree = "<group>";
		};
		122C8BF41D62D42000F1B56B /* Notebuddy */ = {
			isa = PBXGroup;
			children = (
				122C8BF51D62D42000F1B56B /* AppDelegate.swift */,
				128034C61D65147500569F41 /* Model */,
				128034CD1D6515B400569F41 /* View */,
				128034C31D65137200569F41 /* Controller */,
				122C8BF91D62D42000F1B56B /* Main.storyboard */,
				122C8BFC1D62D42000F1B56B /* Assets.xcassets */,
				122C8BFE1D62D42000F1B56B /* LaunchScreen.storyboard */,
				122C8C011D62D42000F1B56B /* Info.plist */,
			);
			path = Notebuddy;
			sourceTree = "<group>";
		};
		128034C31D65137200569F41 /* Controller */ = {
			isa = PBXGroup;
			children = (
				12BF79031D7706F500ED1080 /* OptionsViewController.swift */,
				122C8C071D62D49100F1B56B /* NotebooksViewController.swift */,
				122C8C091D62D4B300F1B56B /* NotesViewController.swift */,
				122C8C0B1D62D4C900F1B56B /* NoteTableViewController.swift */,
				12DDC5F91D6F64E800535F1F /* FlickrViewController.swift */,
			);
			name = Controller;
			sourceTree = "<group>";
		};
		128034C61D65147500569F41 /* Model */ = {
			isa = PBXGroup;
			children = (
				128034C41D65146C00569F41 /* CoreDataStackManager.swift */,
				123685511D6796FD00909AC6 /* DataManager.swift */,
				128034D21D651C6E00569F41 /* Notebook.swift */,
				128034D61D651C6E00569F41 /* Note.swift */,
				128034D41D651C6E00569F41 /* Photo.swift */,
				128034DD1D651CAA00569F41 /* Core Data Properties */,
				12DDC6031D7059E100535F1F /* Flickr */,
				128034CE1D65192F00569F41 /* Model.xcdatamodeld */,
			);
			name = Model;
			sourceTree = "<group>";
		};
		128034CD1D6515B400569F41 /* View */ = {
			isa = PBXGroup;
			children = (
				12BF79051D770B2400ED1080 /* OptionsTableViewCell.swift */,
				12DDC5F71D6F642700535F1F /* FlickrCollectionViewCell.swift */,
			);
			name = View;
			sourceTree = "<group>";
		};
		128034DD1D651CAA00569F41 /* Core Data Properties */ = {
			isa = PBXGroup;
			children = (
				128034D11D651C6E00569F41 /* Notebook+CoreDataProperties.swift */,
				1236854F1D67927600909AC6 /* Note+CoreDataProperties.swift */,
				128034D31D651C6E00569F41 /* Photo+CoreDataProperties.swift */,
			);
			name = "Core Data Properties";
			sourceTree = "<group>";
		};
		12DDC6031D7059E100535F1F /* Flickr */ = {
			isa = PBXGroup;
			children = (
				12DDC5FF1D7058DF00535F1F /* FlickrClient.swift */,
				12DDC6011D70595000535F1F /* FlickrConstants.swift */,
			);
			name = Flickr;
			sourceTree = "<group>";
		};
/* End PBXGroup section */

/* Begin PBXNativeTarget section */
		122C8BF11D62D42000F1B56B /* Notebuddy */ = {
			isa = PBXNativeTarget;
			buildConfigurationList = 122C8C041D62D42000F1B56B /* Build configuration list for PBXNativeTarget "Notebuddy" */;
			buildPhases = (
				122C8BEE1D62D42000F1B56B /* Sources */,
				122C8BEF1D62D42000F1B56B /* Frameworks */,
				122C8BF01D62D42000F1B56B /* Resources */,
			);
			buildRules = (
			);
			dependencies = (
			);
			name = Notebuddy;
			productName = Notebuddy;
			productReference = 122C8BF21D62D42000F1B56B /* Notebuddy.app */;
			productType = "com.apple.product-type.application";
		};
/* End PBXNativeTarget section */

/* Begin PBXProject section */
		122C8BEA1D62D42000F1B56B /* Project object */ = {
			isa = PBXProject;
			attributes = {
				LastSwiftUpdateCheck = 0730;
				LastUpgradeCheck = 0730;
				ORGANIZATIONNAME = "Expressive Solutions";
				TargetAttributes = {
					122C8BF11D62D42000F1B56B = {
						CreatedOnToolsVersion = 7.3;
					};
				};
			};
			buildConfigurationList = 122C8BED1D62D42000F1B56B /* Build configuration list for PBXProject "Notebuddy" */;
			compatibilityVersion = "Xcode 3.2";
			developmentRegion = English;
			hasScannedForEncodings = 0;
			knownRegions = (
				en,
				Base,
			);
			mainGroup = 122C8BE91D62D42000F1B56B;
			productRefGroup = 122C8BF31D62D42000F1B56B /* Products */;
			projectDirPath = "";
			projectRoot = "";
			targets = (
				122C8BF11D62D42000F1B56B /* Notebuddy */,
			);
		};
/* End PBXProject section */

/* Begin PBXResourcesBuildPhase section */
		122C8BF01D62D42000F1B56B /* Resources */ = {
			isa = PBXResourcesBuildPhase;
			buildActionMask = 2147483647;
			files = (
				122C8C001D62D42000F1B56B /* LaunchScreen.storyboard in Resources */,
				122C8BFD1D62D42000F1B56B /* Assets.xcassets in Resources */,
				122C8BFB1D62D42000F1B56B /* Main.storyboard in Resources */,
			);
			runOnlyForDeploymentPostprocessing = 0;
		};
/* End PBXResourcesBuildPhase section */

/* Begin PBXSourcesBuildPhase section */
		122C8BEE1D62D42000F1B56B /* Sources */ = {
			isa = PBXSourcesBuildPhase;
			buildActionMask = 2147483647;
			files = (
				123685521D6796FD00909AC6 /* DataManager.swift in Sources */,
				12DDC5F81D6F642700535F1F /* FlickrCollectionViewCell.swift in Sources */,
				12DDC6021D70595000535F1F /* FlickrConstants.swift in Sources */,
				12BF79041D7706F500ED1080 /* OptionsViewController.swift in Sources */,
				122C8C0A1D62D4B300F1B56B /* NotesViewController.swift in Sources */,
				128034D71D651C6E00569F41 /* Notebook+CoreDataProperties.swift in Sources */,
				122C8BF61D62D42000F1B56B /* AppDelegate.swift in Sources */,
				128034DC1D651C6E00569F41 /* Note.swift in Sources */,
				128034D81D651C6E00569F41 /* Notebook.swift in Sources */,
				12BF79061D770B2400ED1080 /* OptionsTableViewCell.swift in Sources */,
				12DDC6001D7058DF00535F1F /* FlickrClient.swift in Sources */,
				128034DA1D651C6E00569F41 /* Photo.swift in Sources */,
				128034D91D651C6E00569F41 /* Photo+CoreDataProperties.swift in Sources */,
				122C8C0C1D62D4C900F1B56B /* NoteTableViewController.swift in Sources */,
				128034D01D65192F00569F41 /* Model.xcdatamodeld in Sources */,
				128034C51D65146C00569F41 /* CoreDataStackManager.swift in Sources */,
				12DDC5FA1D6F64E800535F1F /* FlickrViewController.swift in Sources */,
				122C8C081D62D49100F1B56B /* NotebooksViewController.swift in Sources */,
				123685501D67927600909AC6 /* Note+CoreDataProperties.swift in Sources */,
			);
			runOnlyForDeploymentPostprocessing = 0;
		};
/* End PBXSourcesBuildPhase section */

/* Begin PBXVariantGroup section */
		122C8BF91D62D42000F1B56B /* Main.storyboard */ = {
			isa = PBXVariantGroup;
			children = (
				122C8BFA1D62D42000F1B56B /* Base */,
			);
			name = Main.storyboard;
			sourceTree = "<group>";
		};
		122C8BFE1D62D42000F1B56B /* LaunchScreen.storyboard */ = {
			isa = PBXVariantGroup;
			children = (
				122C8BFF1D62D42000F1B56B /* Base */,
			);
			name = LaunchScreen.storyboard;
			sourceTree = "<group>";
		};
/* End PBXVariantGroup section */

/* Begin XCBuildConfiguration section */
		122C8C021D62D42000F1B56B /* Debug */ = {
			isa = XCBuildConfiguration;
			buildSettings = {
				ALWAYS_SEARCH_USER_PATHS = NO;
				CLANG_ANALYZER_NONNULL = YES;
				CLANG_CXX_LANGUAGE_STANDARD = "gnu++0x";
				CLANG_CXX_LIBRARY = "libc++";
				CLANG_ENABLE_MODULES = YES;
				CLANG_ENABLE_OBJC_ARC = YES;
				CLANG_WARN_BOOL_CONVERSION = YES;
				CLANG_WARN_CONSTANT_CONVERSION = YES;
				CLANG_WARN_DIRECT_OBJC_ISA_USAGE = YES_ERROR;
				CLANG_WARN_EMPTY_BODY = YES;
				CLANG_WARN_ENUM_CONVERSION = YES;
				CLANG_WARN_INT_CONVERSION = YES;
				CLANG_WARN_OBJC_ROOT_CLASS = YES_ERROR;
				CLANG_WARN_UNREACHABLE_CODE = YES;
				CLANG_WARN__DUPLICATE_METHOD_MATCH = YES;
				"CODE_SIGN_IDENTITY[sdk=iphoneos*]" = "iPhone Developer";
				COPY_PHASE_STRIP = NO;
				DEBUG_INFORMATION_FORMAT = dwarf;
				ENABLE_STRICT_OBJC_MSGSEND = YES;
				ENABLE_TESTABILITY = YES;
				GCC_C_LANGUAGE_STANDARD = gnu99;
				GCC_DYNAMIC_NO_PIC = NO;
				GCC_NO_COMMON_BLOCKS = YES;
				GCC_OPTIMIZATION_LEVEL = 0;
				GCC_PREPROCESSOR_DEFINITIONS = (
					"DEBUG=1",
					"$(inherited)",
				);
				GCC_WARN_64_TO_32_BIT_CONVERSION = YES;
				GCC_WARN_ABOUT_RETURN_TYPE = YES_ERROR;
				GCC_WARN_UNDECLARED_SELECTOR = YES;
				GCC_WARN_UNINITIALIZED_AUTOS = YES_AGGRESSIVE;
				GCC_WARN_UNUSED_FUNCTION = YES;
				GCC_WARN_UNUSED_VARIABLE = YES;
				IPHONEOS_DEPLOYMENT_TARGET = 9.3;
				MTL_ENABLE_DEBUG_INFO = YES;
				ONLY_ACTIVE_ARCH = YES;
				SDKROOT = iphoneos;
				SWIFT_OPTIMIZATION_LEVEL = "-Onone";
				TARGETED_DEVICE_FAMILY = "1,2";
			};
			name = Debug;
		};
		122C8C031D62D42000F1B56B /* Release */ = {
			isa = XCBuildConfiguration;
			buildSettings = {
				ALWAYS_SEARCH_USER_PATHS = NO;
				CLANG_ANALYZER_NONNULL = YES;
				CLANG_CXX_LANGUAGE_STANDARD = "gnu++0x";
				CLANG_CXX_LIBRARY = "libc++";
				CLANG_ENABLE_MODULES = YES;
				CLANG_ENABLE_OBJC_ARC = YES;
				CLANG_WARN_BOOL_CONVERSION = YES;
				CLANG_WARN_CONSTANT_CONVERSION = YES;
				CLANG_WARN_DIRECT_OBJC_ISA_USAGE = YES_ERROR;
				CLANG_WARN_EMPTY_BODY = YES;
				CLANG_WARN_ENUM_CONVERSION = YES;
				CLANG_WARN_INT_CONVERSION = YES;
				CLANG_WARN_OBJC_ROOT_CLASS = YES_ERROR;
				CLANG_WARN_UNREACHABLE_CODE = YES;
				CLANG_WARN__DUPLICATE_METHOD_MATCH = YES;
				"CODE_SIGN_IDENTITY[sdk=iphoneos*]" = "iPhone Developer";
				COPY_PHASE_STRIP = NO;
				DEBUG_INFORMATION_FORMAT = "dwarf-with-dsym";
				ENABLE_NS_ASSERTIONS = NO;
				ENABLE_STRICT_OBJC_MSGSEND = YES;
				GCC_C_LANGUAGE_STANDARD = gnu99;
				GCC_NO_COMMON_BLOCKS = YES;
				GCC_WARN_64_TO_32_BIT_CONVERSION = YES;
				GCC_WARN_ABOUT_RETURN_TYPE = YES_ERROR;
				GCC_WARN_UNDECLARED_SELECTOR = YES;
				GCC_WARN_UNINITIALIZED_AUTOS = YES_AGGRESSIVE;
				GCC_WARN_UNUSED_FUNCTION = YES;
				GCC_WARN_UNUSED_VARIABLE = YES;
				IPHONEOS_DEPLOYMENT_TARGET = 9.3;
				MTL_ENABLE_DEBUG_INFO = NO;
				SDKROOT = iphoneos;
				TARGETED_DEVICE_FAMILY = "1,2";
				VALIDATE_PRODUCT = YES;
			};
			name = Release;
		};
		122C8C051D62D42000F1B56B /* Debug */ = {
			isa = XCBuildConfiguration;
			buildSettings = {
				ASSETCATALOG_COMPILER_APPICON_NAME = AppIcon;
				INFOPLIST_FILE = Notebuddy/Info.plist;
				LD_RUNPATH_SEARCH_PATHS = "$(inherited) @executable_path/Frameworks";
				PRODUCT_BUNDLE_IDENTIFIER = "com.expressive-solutions.Notebuddy";
				PRODUCT_NAME = "$(TARGET_NAME)";
			};
			name = Debug;
		};
		122C8C061D62D42000F1B56B /* Release */ = {
			isa = XCBuildConfiguration;
			buildSettings = {
				ASSETCATALOG_COMPILER_APPICON_NAME = AppIcon;
				INFOPLIST_FILE = Notebuddy/Info.plist;
				LD_RUNPATH_SEARCH_PATHS = "$(inherited) @executable_path/Frameworks";
				PRODUCT_BUNDLE_IDENTIFIER = "com.expressive-solutions.Notebuddy";
				PRODUCT_NAME = "$(TARGET_NAME)";
			};
			name = Release;
		};
/* End XCBuildConfiguration section */

/* Begin XCConfigurationList section */
		122C8BED1D62D42000F1B56B /* Build configuration list for PBXProject "Notebuddy" */ = {
			isa = XCConfigurationList;
			buildConfigurations = (
				122C8C021D62D42000F1B56B /* Debug */,
				122C8C031D62D42000F1B56B /* Release */,
			);
			defaultConfigurationIsVisible = 0;
			defaultConfigurationName = Release;
		};
		122C8C041D62D42000F1B56B /* Build configuration list for PBXNativeTarget "Notebuddy" */ = {
			isa = XCConfigurationList;
			buildConfigurations = (
				122C8C051D62D42000F1B56B /* Debug */,
				122C8C061D62D42000F1B56B /* Release */,
			);
			defaultConfigurationIsVisible = 0;
			defaultConfigurationName = Release;
		};
/* End XCConfigurationList section */

/* Begin XCVersionGroup section */
		128034CE1D65192F00569F41 /* Model.xcdatamodeld */ = {
			isa = XCVersionGroup;
			children = (
				128034CF1D65192F00569F41 /* Model.xcdatamodel */,
			);
			currentVersion = 128034CF1D65192F00569F41 /* Model.xcdatamodel */;
			path = Model.xcdatamodeld;
			sourceTree = "<group>";
			versionGroupType = wrapper.xcdatamodel;
		};
/* End XCVersionGroup section */
	};
	rootObject = 122C8BEA1D62D42000F1B56B /* Project object */;
}
